# THIS IS AN AUTOGENERATED FILE. DO NOT EDIT THIS FILE DIRECTLY.
# yarn lockfile v1


geocoder-free@^0.1.0:
  version "0.1.0"
  resolved "https://registry.yarnpkg.com/geocoder-free/-/geocoder-free-0.1.0.tgz#837bf4622eee4af40e32fc2a5a1e5a1efc8aa4f6"
  dependencies:
    node-fetch "2.6.0"
    ramda "^0.26.1"

node-fetch@2.6.0:
  version "2.6.0"
  resolved "https://registry.yarnpkg.com/node-fetch/-/node-fetch-2.6.0.tgz#e633456386d4aa55863f676a7ab0daa8fdecb0fd"

ramda@^0.26.1:
  version "0.26.1"
  resolved "https://registry.yarnpkg.com/ramda/-/ramda-0.26.1.tgz#8d41351eb8111c55353617fc3bbffad8e4d35d06"
